
Microsoft Visual Studio Solution File, Format Version 12.00
# Visual Studio Version 17
VisualStudioVersion = 17.4.33205.214
MinimumVisualStudioVersion = 10.0.40219.1
Project("{9A19103F-16F7-4668-BE54-9A1E7A4F7556}") = "Project_Main", "Project_Main\Project_Main.csproj", "{C8A65E59-1BCF-4A91-82C4-872FD30B24B4}"
EndProject
Project("{9A19103F-16F7-4668-BE54-9A1E7A4F7556}") = "Project_DomainEntities", "Project_DomainEntities\Project_DomainEntities.csproj", "{E07FEAA9-2D51-48A7-ADCB-4CB6933E7830}"
EndProject
Project("{9A19103F-16F7-4668-BE54-9A1E7A4F7556}") = "Project_IdentityDomainEntities", "Project_IdentityDomainEntities\Project_IdentityDomainEntities.csproj", "{44CA3D16-6178-424F-B6C9-9FC84A09CDA9}"
EndProject
Project("{9A19103F-16F7-4668-BE54-9A1E7A4F7556}") = "Project_UnitTests", "Project_UnitTests\Project_UnitTests.csproj", "{31D1E297-9C2D-425B-BEE9-113BFAA79681}"
EndProject
Global
	GlobalSection(SolutionConfigurationPlatforms) = preSolution
		Debug|Any CPU = Debug|Any CPU
		Release|Any CPU = Release|Any CPU
	EndGlobalSection
	GlobalSection(ProjectConfigurationPlatforms) = postSolution
		{C8A65E59-1BCF-4A91-82C4-872FD30B24B4}.Debug|Any CPU.ActiveCfg = Debug|Any CPU
		{C8A65E59-1BCF-4A91-82C4-872FD30B24B4}.Debug|Any CPU.Build.0 = Debug|Any CPU
		{C8A65E59-1BCF-4A91-82C4-872FD30B24B4}.Release|Any CPU.ActiveCfg = Release|Any CPU
		{C8A65E59-1BCF-4A91-82C4-872FD30B24B4}.Release|Any CPU.Build.0 = Release|Any CPU
		{E07FEAA9-2D51-48A7-ADCB-4CB6933E7830}.Debug|Any CPU.ActiveCfg = Debug|Any CPU
		{E07FEAA9-2D51-48A7-ADCB-4CB6933E7830}.Debug|Any CPU.Build.0 = Debug|Any CPU
		{E07FEAA9-2D51-48A7-ADCB-4CB6933E7830}.Release|Any CPU.ActiveCfg = Release|Any CPU
		{E07FEAA9-2D51-48A7-ADCB-4CB6933E7830}.Release|Any CPU.Build.0 = Release|Any CPU
		{44CA3D16-6178-424F-B6C9-9FC84A09CDA9}.Debug|Any CPU.ActiveCfg = Debug|Any CPU
		{44CA3D16-6178-424F-B6C9-9FC84A09CDA9}.Debug|Any CPU.Build.0 = Debug|Any CPU
		{44CA3D16-6178-424F-B6C9-9FC84A09CDA9}.Release|Any CPU.ActiveCfg = Release|Any CPU
		{44CA3D16-6178-424F-B6C9-9FC84A09CDA9}.Release|Any CPU.Build.0 = Release|Any CPU
		{31D1E297-9C2D-425B-BEE9-113BFAA79681}.Debug|Any CPU.ActiveCfg = Debug|Any CPU
		{31D1E297-9C2D-425B-BEE9-113BFAA79681}.Debug|Any CPU.Build.0 = Debug|Any CPU
		{31D1E297-9C2D-425B-BEE9-113BFAA79681}.Release|Any CPU.ActiveCfg = Release|Any CPU
		{31D1E297-9C2D-425B-BEE9-113BFAA79681}.Release|Any CPU.Build.0 = Release|Any CPU
	EndGlobalSection
	GlobalSection(SolutionProperties) = preSolution
		HideSolutionNode = FALSE
	EndGlobalSection
	GlobalSection(ExtensibilityGlobals) = postSolution
		SolutionGuid = {7DA2BCB5-75AA-4670-B1A1-71D6EAEC5A78}
	EndGlobalSection
EndGlobal
