
Microsoft Visual Studio Solution File, Format Version 12.00
# Visual Studio Version 17
VisualStudioVersion = 17.4.33205.214
MinimumVisualStudioVersion = 10.0.40219.1
Project("{2150E333-8FDC-42A3-9474-1A3956D46DE8}") = "tests", "tests", "{95D382A0-CAE6-44FE-8340-ED424CB3062E}"
EndProject
Project("{9A19103F-16F7-4668-BE54-9A1E7A4F7556}") = "App", "App\App.csproj", "{2F3D24A1-5B91-47E8-8DA8-E11BE1AA1C8C}"
EndProject
Project("{9A19103F-16F7-4668-BE54-9A1E7A4F7556}") = "Project_UnitTests", "tests\Project_UnitTests.csproj", "{0172F7F1-DB24-4679-B5B1-4BD4278672B8}"
EndProject
Project("{FAE04EC0-301F-11D3-BF4B-00C04F79EFBC}") = "AngularApp.Server", "AngularApp\AngularApp.Server\AngularApp.Server.csproj", "{BB230390-E8B0-4CED-8F6D-C7E4AE31C3E7}"
EndProject
Project("{54A90642-561A-4BB1-A94E-469ADEE60C69}") = "angularapp.client", "AngularApp\angularapp.client\angularapp.client.esproj", "{8AD7C85E-D98C-4753-B08A-B204B5A9E6C3}"
EndProject
Global
	GlobalSection(SolutionConfigurationPlatforms) = preSolution
		Debug|Any CPU = Debug|Any CPU
		Release|Any CPU = Release|Any CPU
	EndGlobalSection
	GlobalSection(ProjectConfigurationPlatforms) = postSolution
		{2F3D24A1-5B91-47E8-8DA8-E11BE1AA1C8C}.Debug|Any CPU.ActiveCfg = Debug|Any CPU
		{2F3D24A1-5B91-47E8-8DA8-E11BE1AA1C8C}.Debug|Any CPU.Build.0 = Debug|Any CPU
		{2F3D24A1-5B91-47E8-8DA8-E11BE1AA1C8C}.Release|Any CPU.ActiveCfg = Release|Any CPU
		{2F3D24A1-5B91-47E8-8DA8-E11BE1AA1C8C}.Release|Any CPU.Build.0 = Release|Any CPU
		{0172F7F1-DB24-4679-B5B1-4BD4278672B8}.Debug|Any CPU.ActiveCfg = Debug|Any CPU
		{0172F7F1-DB24-4679-B5B1-4BD4278672B8}.Debug|Any CPU.Build.0 = Debug|Any CPU
		{0172F7F1-DB24-4679-B5B1-4BD4278672B8}.Release|Any CPU.ActiveCfg = Release|Any CPU
		{0172F7F1-DB24-4679-B5B1-4BD4278672B8}.Release|Any CPU.Build.0 = Release|Any CPU
		{BB230390-E8B0-4CED-8F6D-C7E4AE31C3E7}.Debug|Any CPU.ActiveCfg = Debug|Any CPU
		{BB230390-E8B0-4CED-8F6D-C7E4AE31C3E7}.Debug|Any CPU.Build.0 = Debug|Any CPU
		{BB230390-E8B0-4CED-8F6D-C7E4AE31C3E7}.Release|Any CPU.ActiveCfg = Release|Any CPU
		{BB230390-E8B0-4CED-8F6D-C7E4AE31C3E7}.Release|Any CPU.Build.0 = Release|Any CPU
		{8AD7C85E-D98C-4753-B08A-B204B5A9E6C3}.Debug|Any CPU.ActiveCfg = Debug|Any CPU
		{8AD7C85E-D98C-4753-B08A-B204B5A9E6C3}.Debug|Any CPU.Build.0 = Debug|Any CPU
		{8AD7C85E-D98C-4753-B08A-B204B5A9E6C3}.Debug|Any CPU.Deploy.0 = Debug|Any CPU
		{8AD7C85E-D98C-4753-B08A-B204B5A9E6C3}.Release|Any CPU.ActiveCfg = Release|Any CPU
		{8AD7C85E-D98C-4753-B08A-B204B5A9E6C3}.Release|Any CPU.Build.0 = Release|Any CPU
		{8AD7C85E-D98C-4753-B08A-B204B5A9E6C3}.Release|Any CPU.Deploy.0 = Release|Any CPU
	EndGlobalSection
	GlobalSection(SolutionProperties) = preSolution
		HideSolutionNode = FALSE
	EndGlobalSection
	GlobalSection(NestedProjects) = preSolution
		{0172F7F1-DB24-4679-B5B1-4BD4278672B8} = {95D382A0-CAE6-44FE-8340-ED424CB3062E}
	EndGlobalSection
	GlobalSection(ExtensibilityGlobals) = postSolution
		SolutionGuid = {7DA2BCB5-75AA-4670-B1A1-71D6EAEC5A78}
	EndGlobalSection
EndGlobal
