
Microsoft Visual Studio Solution File, Format Version 12.00
# Visual Studio Version 17
VisualStudioVersion = 17.4.33205.214
MinimumVisualStudioVersion = 10.0.40219.1
Project("{9A19103F-16F7-4668-BE54-9A1E7A4F7556}") = "Project_UnitTests", "Project_UnitTests\Project_UnitTests.csproj", "{31D1E297-9C2D-425B-BEE9-113BFAA79681}"
EndProject
Project("{2150E333-8FDC-42A3-9474-1A3956D46DE8}") = "tests", "tests", "{95D382A0-CAE6-44FE-8340-ED424CB3062E}"
EndProject
Project("{9A19103F-16F7-4668-BE54-9A1E7A4F7556}") = "App", "App\App.csproj", "{2F3D24A1-5B91-47E8-8DA8-E11BE1AA1C8C}"
EndProject
Global
	GlobalSection(SolutionConfigurationPlatforms) = preSolution
		Debug|Any CPU = Debug|Any CPU
		Release|Any CPU = Release|Any CPU
	EndGlobalSection
	GlobalSection(ProjectConfigurationPlatforms) = postSolution
		{31D1E297-9C2D-425B-BEE9-113BFAA79681}.Debug|Any CPU.ActiveCfg = Debug|Any CPU
		{31D1E297-9C2D-425B-BEE9-113BFAA79681}.Debug|Any CPU.Build.0 = Debug|Any CPU
		{31D1E297-9C2D-425B-BEE9-113BFAA79681}.Release|Any CPU.ActiveCfg = Release|Any CPU
		{31D1E297-9C2D-425B-BEE9-113BFAA79681}.Release|Any CPU.Build.0 = Release|Any CPU
		{2F3D24A1-5B91-47E8-8DA8-E11BE1AA1C8C}.Debug|Any CPU.ActiveCfg = Debug|Any CPU
		{2F3D24A1-5B91-47E8-8DA8-E11BE1AA1C8C}.Debug|Any CPU.Build.0 = Debug|Any CPU
		{2F3D24A1-5B91-47E8-8DA8-E11BE1AA1C8C}.Release|Any CPU.ActiveCfg = Release|Any CPU
		{2F3D24A1-5B91-47E8-8DA8-E11BE1AA1C8C}.Release|Any CPU.Build.0 = Release|Any CPU
	EndGlobalSection
	GlobalSection(SolutionProperties) = preSolution
		HideSolutionNode = FALSE
	EndGlobalSection
	GlobalSection(NestedProjects) = preSolution
		{31D1E297-9C2D-425B-BEE9-113BFAA79681} = {95D382A0-CAE6-44FE-8340-ED424CB3062E}
	EndGlobalSection
	GlobalSection(ExtensibilityGlobals) = postSolution
		SolutionGuid = {7DA2BCB5-75AA-4670-B1A1-71D6EAEC5A78}
	EndGlobalSection
EndGlobal
